
Microsoft Visual Studio Solution File, Format Version 12.00
# Visual Studio 14
VisualStudioVersion = 14.0.23107.0
MinimumVisualStudioVersion = 10.0.40219.1
Project("{8BC9CEB8-8B4A-11D0-8D11-00A0C91BC942}") = "Digit Viewer", "Digit Viewer\Digit Viewer.vcxproj", "{15B7832A-8575-40F2-849D-F7852D7015AE}"
EndProject
Global
	GlobalSection(SolutionConfigurationPlatforms) = preSolution
		04-SSE3|Win32 = 04-SSE3|Win32
		04-SSE3|x64 = 04-SSE3|x64
		07-Penryn|Win32 = 07-Penryn|Win32
		07-Penryn|x64 = 07-Penryn|x64
		13-Haswell|Win32 = 13-Haswell|Win32
		13-Haswell|x64 = 13-Haswell|x64
		Debug|Win32 = Debug|Win32
		Debug|x64 = Debug|x64
		Release|Win32 = Release|Win32
		Release|x64 = Release|x64
	EndGlobalSection
	GlobalSection(ProjectConfigurationPlatforms) = postSolution
		{15B7832A-8575-40F2-849D-F7852D7015AE}.04-SSE3|Win32.ActiveCfg = 04-SSE3|Win32
		{15B7832A-8575-40F2-849D-F7852D7015AE}.04-SSE3|Win32.Build.0 = 04-SSE3|Win32
		{15B7832A-8575-40F2-849D-F7852D7015AE}.04-SSE3|x64.ActiveCfg = 04-SSE3|x64
		{15B7832A-8575-40F2-849D-F7852D7015AE}.04-SSE3|x64.Build.0 = 04-SSE3|x64
		{15B7832A-8575-40F2-849D-F7852D7015AE}.07-Penryn|Win32.ActiveCfg = 07-Penryn|Win32
		{15B7832A-8575-40F2-849D-F7852D7015AE}.07-Penryn|Win32.Build.0 = 07-Penryn|Win32
		{15B7832A-8575-40F2-849D-F7852D7015AE}.07-Penryn|x64.ActiveCfg = 07-Penryn|x64
		{15B7832A-8575-40F2-849D-F7852D7015AE}.07-Penryn|x64.Build.0 = 07-Penryn|x64
		{15B7832A-8575-40F2-849D-F7852D7015AE}.13-Haswell|Win32.ActiveCfg = 13-Haswell|Win32
		{15B7832A-8575-40F2-849D-F7852D7015AE}.13-Haswell|Win32.Build.0 = 13-Haswell|Win32
		{15B7832A-8575-40F2-849D-F7852D7015AE}.13-Haswell|x64.ActiveCfg = 13-Haswell|x64
		{15B7832A-8575-40F2-849D-F7852D7015AE}.13-Haswell|x64.Build.0 = 13-Haswell|x64
		{15B7832A-8575-40F2-849D-F7852D7015AE}.Debug|Win32.ActiveCfg = Debug|Win32
		{15B7832A-8575-40F2-849D-F7852D7015AE}.Debug|Win32.Build.0 = Debug|Win32
		{15B7832A-8575-40F2-849D-F7852D7015AE}.Debug|x64.ActiveCfg = Debug|x64
		{15B7832A-8575-40F2-849D-F7852D7015AE}.Debug|x64.Build.0 = Debug|x64
		{15B7832A-8575-40F2-849D-F7852D7015AE}.Release|Win32.ActiveCfg = Release|Win32
		{15B7832A-8575-40F2-849D-F7852D7015AE}.Release|Win32.Build.0 = Release|Win32
		{15B7832A-8575-40F2-849D-F7852D7015AE}.Release|x64.ActiveCfg = Release|x64
		{15B7832A-8575-40F2-849D-F7852D7015AE}.Release|x64.Build.0 = Release|x64
	EndGlobalSection
	GlobalSection(SolutionProperties) = preSolution
		HideSolutionNode = FALSE
	EndGlobalSection
EndGlobal
